# Generated by pub
# See http://pub.dartlang.org/doc/glossary.html#lockfile
packages:
  _discoveryapis_commons:
    description:
      name: _discoveryapis_commons
      url: "https://pub.dartlang.org"
    source: hosted
    version: "0.1.4"
  analyzer:
    description:
      name: analyzer
      url: "https://pub.dartlang.org"
    source: hosted
    version: "0.30.0+2"
  ansicolor:
    description:
      name: ansicolor
      url: "https://pub.dartlang.org"
    source: hosted
    version: "0.0.9"
  args:
    description:
      name: args
      url: "https://pub.dartlang.org"
    source: hosted
    version: "0.13.7"
  async:
    description:
      name: async
      url: "https://pub.dartlang.org"
    source: hosted
    version: "1.13.3"
  barback:
    description:
      name: barback
      url: "https://pub.dartlang.org"
    source: hosted
    version: "0.15.2+11"
  boolean_selector:
    description:
      name: boolean_selector
      url: "https://pub.dartlang.org"
    source: hosted
    version: "1.0.2"
  bot:
    description:
      name: bot
      url: "https://pub.dartlang.org"
    source: hosted
    version: "0.28.0"
  browser:
    description:
      name: browser
      url: "https://pub.dartlang.org"
    source: hosted
    version: "0.10.0+2"
  charcode:
    description:
      name: charcode
      url: "https://pub.dartlang.org"
    source: hosted
    version: "1.1.1"
  cli_util:
    description:
      name: cli_util
      url: "https://pub.dartlang.org"
    source: hosted
    version: "0.1.2"
  codemirror:
    description:
      name: codemirror
      url: "https://pub.dartlang.org"
    source: hosted
    version: "0.4.1+5.13.4"
  collection:
    description:
      name: collection
      url: "https://pub.dartlang.org"
    source: hosted
    version: "1.14.3"
  convert:
    description:
      name: convert
      url: "https://pub.dartlang.org"
    source: hosted
    version: "2.0.1"
  crypto:
    description:
      name: crypto
      url: "https://pub.dartlang.org"
    source: hosted
    version: "2.0.2"
  csslib:
    description:
      name: csslib
      url: "https://pub.dartlang.org"
    source: hosted
    version: "0.14.0"
  dart_to_js_script_rewriter:
    description:
      name: dart_to_js_script_rewriter
      url: "https://pub.dartlang.org"
    source: hosted
    version: "1.0.3"
  frappe:
    description:
      name: frappe
      url: "https://pub.dartlang.org"
    source: hosted
    version: "0.4.0+6"
  front_end:
    description:
      name: front_end
      url: "https://pub.dartlang.org"
    source: hosted
    version: "0.1.0-alpha.4"
  git:
    description:
      name: git
      url: "https://pub.dartlang.org"
    source: hosted
    version: "0.4.4+2"
  glob:
    description:
      name: glob
      url: "https://pub.dartlang.org"
    source: hosted
    version: "1.1.3"
  grinder:
    description:
      name: grinder
      url: "https://pub.dartlang.org"
    source: hosted
    version: "0.8.0+3"
  haikunator:
    description:
      name: haikunator
      url: "https://pub.dartlang.org"
    source: hosted
    version: "0.1.0"
  html:
    description:
      name: html
      url: "https://pub.dartlang.org"
    source: hosted
    version: "0.13.2"
  http:
    description:
      name: http
      url: "https://pub.dartlang.org"
    source: hosted
    version: "0.11.3+14"
  http_multi_server:
    description:
      name: http_multi_server
      url: "https://pub.dartlang.org"
    source: hosted
    version: "2.0.3"
  http_parser:
    description:
      name: http_parser
      url: "https://pub.dartlang.org"
    source: hosted
    version: "3.1.1"
  isolate:
    description:
      name: isolate
      url: "https://pub.dartlang.org"
    source: hosted
    version: "1.0.0"
  js:
    description:
      name: js
      url: "https://pub.dartlang.org"
    source: hosted
    version: "0.6.1"
  kernel:
    description:
      name: kernel
      url: "https://pub.dartlang.org"
    source: hosted
    version: "0.3.0-alpha.1"
  librato:
    description:
      name: librato
      url: "https://pub.dartlang.org"
    source: hosted
    version: "0.1.0"
  logging:
    description:
      name: logging
      url: "https://pub.dartlang.org"
    source: hosted
    version: "0.11.3+1"
  markdown:
    description:
      name: markdown
      url: "https://pub.dartlang.org"
    source: hosted
    version: "0.9.0"
  matcher:
    description:
      name: matcher
      url: "https://pub.dartlang.org"
    source: hosted
    version: "0.12.1+2"
  meta:
    description:
      name: meta
      url: "https://pub.dartlang.org"
    source: hosted
    version: "1.1.1"
  mime:
    description:
      name: mime
      url: "https://pub.dartlang.org"
    source: hosted
    version: "0.9.3"
  mockable_filesystem:
    description:
      name: mockable_filesystem
      url: "https://pub.dartlang.org"
    source: hosted
    version: "0.0.3"
  node_preamble:
    description:
      name: node_preamble
      url: "https://pub.dartlang.org"
    source: hosted
    version: "1.4.0"
  package_config:
    description:
      name: package_config
      url: "https://pub.dartlang.org"
    source: hosted
    version: "1.0.2"
  package_resolver:
    description:
      name: package_resolver
      url: "https://pub.dartlang.org"
    source: hosted
    version: "1.0.2"
  path:
    description:
      name: path
      url: "https://pub.dartlang.org"
    source: hosted
    version: "1.4.2"
  plugin:
    description:
      name: plugin
      url: "https://pub.dartlang.org"
    source: hosted
    version: "0.2.0+1"
  pool:
    description:
      name: pool
      url: "https://pub.dartlang.org"
    source: hosted
    version: "1.3.1"
  pub_semver:
    description:
      name: pub_semver
      url: "https://pub.dartlang.org"
    source: hosted
    version: "1.3.2"
  route_hierarchical:
    description:
      name: route_hierarchical
      url: "https://pub.dartlang.org"
    source: hosted
    version: "0.7.0"
  shelf:
    description:
      name: shelf
      url: "https://pub.dartlang.org"
    source: hosted
    version: "0.7.0"
  shelf_packages_handler:
    description:
      name: shelf_packages_handler
      url: "https://pub.dartlang.org"
    source: hosted
    version: "1.0.2"
  shelf_static:
    description:
      name: shelf_static
      url: "https://pub.dartlang.org"
    source: hosted
    version: "0.2.5"
  shelf_web_socket:
    description:
      name: shelf_web_socket
      url: "https://pub.dartlang.org"
    source: hosted
    version: "0.2.1"
  source_map_stack_trace:
    description:
      name: source_map_stack_trace
      url: "https://pub.dartlang.org"
    source: hosted
    version: "1.1.4"
  source_maps:
    description:
      name: source_maps
      url: "https://pub.dartlang.org"
    source: hosted
    version: "0.10.4"
  source_span:
    description:
      name: source_span
      url: "https://pub.dartlang.org"
    source: hosted
    version: "1.4.0"
  stack_trace:
    description:
      name: stack_trace
      url: "https://pub.dartlang.org"
    source: hosted
    version: "1.8.0"
  stream_channel:
    description:
      name: stream_channel
      url: "https://pub.dartlang.org"
    source: hosted
    version: "1.6.1"
  stream_transformers:
    description:
      name: stream_transformers
      url: "https://pub.dartlang.org"
    source: hosted
    version: "0.3.0+3"
  string_scanner:
    description:
      name: string_scanner
      url: "https://pub.dartlang.org"
    source: hosted
    version: "1.0.2"
  supports_color:
    description:
      name: supports_color
      url: "https://pub.dartlang.org"
    source: hosted
    version: "0.1.1"
  term_glyph:
    description:
      name: term_glyph
      url: "https://pub.dartlang.org"
    source: hosted
    version: "1.0.0"
  test:
    description:
      name: test
      url: "https://pub.dartlang.org"
    source: hosted
    version: "0.12.24+2"
  typed_data:
    description:
      name: typed_data
      url: "https://pub.dartlang.org"
    source: hosted
    version: "1.1.4"
  unscripted:
    description:
      name: unscripted
      url: "https://pub.dartlang.org"
    source: hosted
    version: "0.6.2"
  utf:
    description:
      name: utf
      url: "https://pub.dartlang.org"
    source: hosted
    version: "0.9.0+3"
  watcher:
    description:
      name: watcher
      url: "https://pub.dartlang.org"
    source: hosted
    version: "0.9.7+3"
  web_socket_channel:
    description:
      name: web_socket_channel
      url: "https://pub.dartlang.org"
    source: hosted
    version: "1.0.5"
  when:
    description:
      name: when
      url: "https://pub.dartlang.org"
    source: hosted
    version: "0.2.0"
  which:
    description:
      name: which
      url: "https://pub.dartlang.org"
    source: hosted
    version: "0.1.3"
  yaml:
    description:
      name: yaml
      url: "https://pub.dartlang.org"
    source: hosted
    version: "2.1.12"
sdks:
  dart: ">=1.23.0 <2.0.0-dev.infinity"
